// !$*UTF8*$!
{
	archiveVersion = 1;
	classes = {
	};
	objectVersion = 77;
	objects = {

/* Begin PBXBuildFile section */
		031195A51E4DEBCCCE79D315 /* ClabotchEvent.swift in Sources */ = {isa = PBXBuildFile; fileRef = 1B07355B60F006A885B5E7A3 /* ClabotchEvent.swift */; };
		05865EE9B15BE40CD15478B3 /* TestHelpers.swift in Sources */ = {isa = PBXBuildFile; fileRef = BE8769A4983A7A928F5B17BD /* TestHelpers.swift */; };
		08E6A679B3A8F66FECD7D083 /* LaunchAtLoginManager.swift in Sources */ = {isa = PBXBuildFile; fileRef = 6C61BA4CFA929F71B495DFCB /* LaunchAtLoginManager.swift */; };
		0CB9227D5E66E31C3F2E97ED /* MockProviders.swift in Sources */ = {isa = PBXBuildFile; fileRef = BD17A2B7DC6C1976827DE887 /* MockProviders.swift */; };
		0DAA12FDCC0C41D7165D1135 /* AppDelegate.swift in Sources */ = {isa = PBXBuildFile; fileRef = F7EE57E153DC91A088C8A04A /* AppDelegate.swift */; };
		0FD047C1B96B55A730D81D10 /* BubbleWindow.swift in Sources */ = {isa = PBXBuildFile; fileRef = 7E3CC2C07B97752CF8C9EAB3 /* BubbleWindow.swift */; };
		13E61BBE2C46EF2C2851235B /* ClabotchApp.swift in Sources */ = {isa = PBXBuildFile; fileRef = D1CFC51853BAEE81B0D77FC5 /* ClabotchApp.swift */; };
		15521049195B7B05052C8B8A /* LineBufferedEventDecoder.swift in Sources */ = {isa = PBXBuildFile; fileRef = 223AA7DF7008B6A77962527B /* LineBufferedEventDecoder.swift */; };
		1660A6857A7EB671F4C5076B /* ClabotchEyeView.swift in Sources */ = {isa = PBXBuildFile; fileRef = C99B10E5D8EC9D81419C6960 /* ClabotchEyeView.swift */; };
		194FA8E1DFED6F5D587C6825 /* OnboardingWindowControllerTests.swift in Sources */ = {isa = PBXBuildFile; fileRef = 0F66EAEA4A4ED03B3762846D /* OnboardingWindowControllerTests.swift */; };
		1B2007D899DDB7E3E5678143 /* ClabotchEyeViewTests.swift in Sources */ = {isa = PBXBuildFile; fileRef = 22CC6A96972005D9565F0FA4 /* ClabotchEyeViewTests.swift */; };
		2525C627DF6293B8078C3C25 /* LineBufferedEventDecoderTests.swift in Sources */ = {isa = PBXBuildFile; fileRef = 0C9269667AD0FB5009C260E8 /* LineBufferedEventDecoderTests.swift */; };
		31C3A7CBE8958084F6A7BF33 /* CoordinatorIntegrationTests.swift in Sources */ = {isa = PBXBuildFile; fileRef = FD88F4FDB372CB09BE51BA46 /* CoordinatorIntegrationTests.swift */; };
		39A4AC62A387316608C45E9B /* HookServerTests.swift in Sources */ = {isa = PBXBuildFile; fileRef = 8F9A12D39178E19E1B5C2D2C /* HookServerTests.swift */; };
		3BA631CF26DB54E7FEF61ECE /* SocketOps.swift in Sources */ = {isa = PBXBuildFile; fileRef = 87EDB190B5315651857591EE /* SocketOps.swift */; };
		3C9E0A3F6783F344968D1DA3 /* LaunchAtLoginManagerTests.swift in Sources */ = {isa = PBXBuildFile; fileRef = E194BBABE1C504778E137A78 /* LaunchAtLoginManagerTests.swift */; };
		3E227981428652ABCE9B6637 /* CoordinatorBinder.swift in Sources */ = {isa = PBXBuildFile; fileRef = 7F9FD592866F45EEB93DB3CC /* CoordinatorBinder.swift */; };
		3E9F399F6BBD8C9CDA19B22E /* MockSocketOps.swift in Sources */ = {isa = PBXBuildFile; fileRef = C6AFF63313CAE4EFD697FFE3 /* MockSocketOps.swift */; };
		4507BDCA95968FC5B5010A1C /* BlinkControllerTests.swift in Sources */ = {isa = PBXBuildFile; fileRef = 4476ECA689707A583A562D9D /* BlinkControllerTests.swift */; };
		4733B842423CC2C183621E54 /* HookServer.swift in Sources */ = {isa = PBXBuildFile; fileRef = D6D641782D88ED126B539ECC /* HookServer.swift */; };
		49949F4CD29907A86FD445E3 /* Assets.xcassets in Resources */ = {isa = PBXBuildFile; fileRef = DB38CD20CA02DABC34F101F1 /* Assets.xcassets */; };
		51E4DD78AA01757BCDBBBAF0 /* MascotPhase.swift in Sources */ = {isa = PBXBuildFile; fileRef = AB06693ED6AB5DBC4E53A91D /* MascotPhase.swift */; };
		5A73AA822128B508F58B2B27 /* GazeTypes.swift in Sources */ = {isa = PBXBuildFile; fileRef = A076E8747B07F4A438A5A17B /* GazeTypes.swift */; };
		62E754140E7D27FDE0ECB018 /* EventParser.swift in Sources */ = {isa = PBXBuildFile; fileRef = 96A3EDC104C593DEBC49336D /* EventParser.swift */; };
		642D258774FA843536B2D9DE /* AppDelegateCoordinatorTests.swift in Sources */ = {isa = PBXBuildFile; fileRef = E951BFD335706B02EB25141C /* AppDelegateCoordinatorTests.swift */; };
		652AA89A856EF229F3FCBB40 /* SettingsStore.swift in Sources */ = {isa = PBXBuildFile; fileRef = 8BF25AA1818290AEF2DEEDC1 /* SettingsStore.swift */; };
		7132669EFA6004408E964579 /* OnboardingWindowController.swift in Sources */ = {isa = PBXBuildFile; fileRef = C871AEED2A335D6329E36B10 /* OnboardingWindowController.swift */; };
		771BA242A93A8537221565C2 /* EventDeduplicator.swift in Sources */ = {isa = PBXBuildFile; fileRef = DACCB80479EEB2BBB2EF9272 /* EventDeduplicator.swift */; };
		7AAEC3EEC1D954C2B9D57E17 /* StateMachineTests.swift in Sources */ = {isa = PBXBuildFile; fileRef = 84630FB49B993C3D7A6C40D5 /* StateMachineTests.swift */; };
		85A036E57C9720D16E4C5522 /* GazeController.swift in Sources */ = {isa = PBXBuildFile; fileRef = D7A0BEDE8BFCEAE3E5668F6B /* GazeController.swift */; };
		86849EB52E3D4CA14F34B2B5 /* BubbleWindowTests.swift in Sources */ = {isa = PBXBuildFile; fileRef = F312F0F7D2D7BC2D60314798 /* BubbleWindowTests.swift */; };
		9404319E06453DF0847B5BA5 /* SettingsWindowControllerTests.swift in Sources */ = {isa = PBXBuildFile; fileRef = 440B506E9B6F6193B463E13E /* SettingsWindowControllerTests.swift */; };
		963EDF12B3BB10FBF2A48488 /* GazeControllerTests.swift in Sources */ = {isa = PBXBuildFile; fileRef = C0F313BE981AA91C925B20DD /* GazeControllerTests.swift */; };
		97AD01507CB1684FCD1986D7 /* AXProviderTests.swift in Sources */ = {isa = PBXBuildFile; fileRef = 08BA9E5A874DF286E2702E33 /* AXProviderTests.swift */; };
		9857A31DF5690F4F4CBE3FF9 /* SettingsWindowController.swift in Sources */ = {isa = PBXBuildFile; fileRef = 1BA989C8C58E710E6F97F5A3 /* SettingsWindowController.swift */; };
		9A503A3DBB67ECDCAA8F8749 /* EventDeduplicatorTests.swift in Sources */ = {isa = PBXBuildFile; fileRef = CA0E74B3EDD35A52A575C4AE /* EventDeduplicatorTests.swift */; };
		B0D2CA13463CF37F54E89244 /* EventParserTests.swift in Sources */ = {isa = PBXBuildFile; fileRef = 608C9DD4F8FDEC404C5D6227 /* EventParserTests.swift */; };
		C90A78828C50D4DF7F88424B /* BubblePresenting.swift in Sources */ = {isa = PBXBuildFile; fileRef = 34F9FFEEC473EC2FAA7DB133 /* BubblePresenting.swift */; };
		CB1B63529809F1606FEED5D2 /* StateMachine.swift in Sources */ = {isa = PBXBuildFile; fileRef = AE38EF9CB1A7C37FF460B40A /* StateMachine.swift */; };
		CCF278A6F2E1FEE5F39A9FBF /* AXProvider.swift in Sources */ = {isa = PBXBuildFile; fileRef = 2DCB9955406A6BDA3D525A4A /* AXProvider.swift */; };
		D3A7D21612294AAD133D42A1 /* L10n.swift in Sources */ = {isa = PBXBuildFile; fileRef = 35F6132ADB31BC6AFAC7BCB9 /* L10n.swift */; };
		D9B029A0EB3B31E0A3D65287 /* BubbleSpy.swift in Sources */ = {isa = PBXBuildFile; fileRef = AF5A8FE2040A8EF8D70155F3 /* BubbleSpy.swift */; };
		E047DF35FCFB3507461B28E4 /* SettingsStoreTests.swift in Sources */ = {isa = PBXBuildFile; fileRef = 7FA31511CD3A5A9DEE74A907 /* SettingsStoreTests.swift */; };
		E68C2552B52DB1CAA926A094 /* Localizable.strings in Resources */ = {isa = PBXBuildFile; fileRef = 016C9DC59827AE15BBD14EBD /* Localizable.strings */; };
		FDF999A9C40E0550AAA18D1B /* BlinkController.swift in Sources */ = {isa = PBXBuildFile; fileRef = 900A8C1103779FDB804969C9 /* BlinkController.swift */; };
/* End PBXBuildFile section */

/* Begin PBXContainerItemProxy section */
		F2168FB2022E7761985522AE /* PBXContainerItemProxy */ = {
			isa = PBXContainerItemProxy;
			containerPortal = 8B7717A221EB12BDBA39FB54 /* Project object */;
			proxyType = 1;
			remoteGlobalIDString = 6207F368FFD9EF6833727F1D;
			remoteInfo = Clabotch;
		};
/* End PBXContainerItemProxy section */

/* Begin PBXFileReference section */
		08BA9E5A874DF286E2702E33 /* AXProviderTests.swift */ = {isa = PBXFileReference; lastKnownFileType = sourcecode.swift; path = AXProviderTests.swift; sourceTree = "<group>"; };
		0C9269667AD0FB5009C260E8 /* LineBufferedEventDecoderTests.swift */ = {isa = PBXFileReference; lastKnownFileType = sourcecode.swift; path = LineBufferedEventDecoderTests.swift; sourceTree = "<group>"; };
		0F66EAEA4A4ED03B3762846D /* OnboardingWindowControllerTests.swift */ = {isa = PBXFileReference; lastKnownFileType = sourcecode.swift; path = OnboardingWindowControllerTests.swift; sourceTree = "<group>"; };
		1B07355B60F006A885B5E7A3 /* ClabotchEvent.swift */ = {isa = PBXFileReference; lastKnownFileType = sourcecode.swift; path = ClabotchEvent.swift; sourceTree = "<group>"; };
		1BA989C8C58E710E6F97F5A3 /* SettingsWindowController.swift */ = {isa = PBXFileReference; lastKnownFileType = sourcecode.swift; path = SettingsWindowController.swift; sourceTree = "<group>"; };
		223AA7DF7008B6A77962527B /* LineBufferedEventDecoder.swift */ = {isa = PBXFileReference; lastKnownFileType = sourcecode.swift; path = LineBufferedEventDecoder.swift; sourceTree = "<group>"; };
		22CC6A96972005D9565F0FA4 /* ClabotchEyeViewTests.swift */ = {isa = PBXFileReference; lastKnownFileType = sourcecode.swift; path = ClabotchEyeViewTests.swift; sourceTree = "<group>"; };
		2DCB9955406A6BDA3D525A4A /* AXProvider.swift */ = {isa = PBXFileReference; lastKnownFileType = sourcecode.swift; path = AXProvider.swift; sourceTree = "<group>"; };
		34F9FFEEC473EC2FAA7DB133 /* BubblePresenting.swift */ = {isa = PBXFileReference; lastKnownFileType = sourcecode.swift; path = BubblePresenting.swift; sourceTree = "<group>"; };
		35F6132ADB31BC6AFAC7BCB9 /* L10n.swift */ = {isa = PBXFileReference; lastKnownFileType = sourcecode.swift; path = L10n.swift; sourceTree = "<group>"; };
		3AD25BC626CCA6DF49F893B8 /* ja */ = {isa = PBXFileReference; lastKnownFileType = text.plist.strings; name = ja; path = ja.lproj/Localizable.strings; sourceTree = "<group>"; };
		440B506E9B6F6193B463E13E /* SettingsWindowControllerTests.swift */ = {isa = PBXFileReference; lastKnownFileType = sourcecode.swift; path = SettingsWindowControllerTests.swift; sourceTree = "<group>"; };
		4476ECA689707A583A562D9D /* BlinkControllerTests.swift */ = {isa = PBXFileReference; lastKnownFileType = sourcecode.swift; path = BlinkControllerTests.swift; sourceTree = "<group>"; };
		4BAEFEF3B246C7D9B1BAAC02 /* Clabotch.app */ = {isa = PBXFileReference; explicitFileType = wrapper.application; includeInIndex = 0; path = Clabotch.app; sourceTree = BUILT_PRODUCTS_DIR; };
		5AC498C32A416AE2BED9AB2B /* en */ = {isa = PBXFileReference; lastKnownFileType = text.plist.strings; name = en; path = en.lproj/Localizable.strings; sourceTree = "<group>"; };
		608C9DD4F8FDEC404C5D6227 /* EventParserTests.swift */ = {isa = PBXFileReference; lastKnownFileType = sourcecode.swift; path = EventParserTests.swift; sourceTree = "<group>"; };
		67CD365506A52BDFDBB81D02 /* Clabotch.entitlements */ = {isa = PBXFileReference; lastKnownFileType = text.plist.entitlements; path = Clabotch.entitlements; sourceTree = "<group>"; };
		6C61BA4CFA929F71B495DFCB /* LaunchAtLoginManager.swift */ = {isa = PBXFileReference; lastKnownFileType = sourcecode.swift; path = LaunchAtLoginManager.swift; sourceTree = "<group>"; };
		7E3CC2C07B97752CF8C9EAB3 /* BubbleWindow.swift */ = {isa = PBXFileReference; lastKnownFileType = sourcecode.swift; path = BubbleWindow.swift; sourceTree = "<group>"; };
		7F9FD592866F45EEB93DB3CC /* CoordinatorBinder.swift */ = {isa = PBXFileReference; lastKnownFileType = sourcecode.swift; path = CoordinatorBinder.swift; sourceTree = "<group>"; };
		7FA31511CD3A5A9DEE74A907 /* SettingsStoreTests.swift */ = {isa = PBXFileReference; lastKnownFileType = sourcecode.swift; path = SettingsStoreTests.swift; sourceTree = "<group>"; };
		84630FB49B993C3D7A6C40D5 /* StateMachineTests.swift */ = {isa = PBXFileReference; lastKnownFileType = sourcecode.swift; path = StateMachineTests.swift; sourceTree = "<group>"; };
		87EDB190B5315651857591EE /* SocketOps.swift */ = {isa = PBXFileReference; lastKnownFileType = sourcecode.swift; path = SocketOps.swift; sourceTree = "<group>"; };
		8BF25AA1818290AEF2DEEDC1 /* SettingsStore.swift */ = {isa = PBXFileReference; lastKnownFileType = sourcecode.swift; path = SettingsStore.swift; sourceTree = "<group>"; };
		8F9A12D39178E19E1B5C2D2C /* HookServerTests.swift */ = {isa = PBXFileReference; lastKnownFileType = sourcecode.swift; path = HookServerTests.swift; sourceTree = "<group>"; };
		900A8C1103779FDB804969C9 /* BlinkController.swift */ = {isa = PBXFileReference; lastKnownFileType = sourcecode.swift; path = BlinkController.swift; sourceTree = "<group>"; };
		9518A1C1E31BBC6DDEDCB034 /* ClabotchTests.xctest */ = {isa = PBXFileReference; explicitFileType = wrapper.cfbundle; includeInIndex = 0; path = ClabotchTests.xctest; sourceTree = BUILT_PRODUCTS_DIR; };
		96A3EDC104C593DEBC49336D /* EventParser.swift */ = {isa = PBXFileReference; lastKnownFileType = sourcecode.swift; path = EventParser.swift; sourceTree = "<group>"; };
		A076E8747B07F4A438A5A17B /* GazeTypes.swift */ = {isa = PBXFileReference; lastKnownFileType = sourcecode.swift; path = GazeTypes.swift; sourceTree = "<group>"; };
		AB06693ED6AB5DBC4E53A91D /* MascotPhase.swift */ = {isa = PBXFileReference; lastKnownFileType = sourcecode.swift; path = MascotPhase.swift; sourceTree = "<group>"; };
		AE38EF9CB1A7C37FF460B40A /* StateMachine.swift */ = {isa = PBXFileReference; lastKnownFileType = sourcecode.swift; path = StateMachine.swift; sourceTree = "<group>"; };
		AF5A8FE2040A8EF8D70155F3 /* BubbleSpy.swift */ = {isa = PBXFileReference; lastKnownFileType = sourcecode.swift; path = BubbleSpy.swift; sourceTree = "<group>"; };
		BD17A2B7DC6C1976827DE887 /* MockProviders.swift */ = {isa = PBXFileReference; lastKnownFileType = sourcecode.swift; path = MockProviders.swift; sourceTree = "<group>"; };
		BE8769A4983A7A928F5B17BD /* TestHelpers.swift */ = {isa = PBXFileReference; lastKnownFileType = sourcecode.swift; path = TestHelpers.swift; sourceTree = "<group>"; };
		C0F313BE981AA91C925B20DD /* GazeControllerTests.swift */ = {isa = PBXFileReference; lastKnownFileType = sourcecode.swift; path = GazeControllerTests.swift; sourceTree = "<group>"; };
		C6AFF63313CAE4EFD697FFE3 /* MockSocketOps.swift */ = {isa = PBXFileReference; lastKnownFileType = sourcecode.swift; path = MockSocketOps.swift; sourceTree = "<group>"; };
		C871AEED2A335D6329E36B10 /* OnboardingWindowController.swift */ = {isa = PBXFileReference; lastKnownFileType = sourcecode.swift; path = OnboardingWindowController.swift; sourceTree = "<group>"; };
		C99B10E5D8EC9D81419C6960 /* ClabotchEyeView.swift */ = {isa = PBXFileReference; lastKnownFileType = sourcecode.swift; path = ClabotchEyeView.swift; sourceTree = "<group>"; };
		CA0E74B3EDD35A52A575C4AE /* EventDeduplicatorTests.swift */ = {isa = PBXFileReference; lastKnownFileType = sourcecode.swift; path = EventDeduplicatorTests.swift; sourceTree = "<group>"; };
		D1CFC51853BAEE81B0D77FC5 /* ClabotchApp.swift */ = {isa = PBXFileReference; lastKnownFileType = sourcecode.swift; path = ClabotchApp.swift; sourceTree = "<group>"; };
		D6D641782D88ED126B539ECC /* HookServer.swift */ = {isa = PBXFileReference; lastKnownFileType = sourcecode.swift; path = HookServer.swift; sourceTree = "<group>"; };
		D7A0BEDE8BFCEAE3E5668F6B /* GazeController.swift */ = {isa = PBXFileReference; lastKnownFileType = sourcecode.swift; path = GazeController.swift; sourceTree = "<group>"; };
		DACCB80479EEB2BBB2EF9272 /* EventDeduplicator.swift */ = {isa = PBXFileReference; lastKnownFileType = sourcecode.swift; path = EventDeduplicator.swift; sourceTree = "<group>"; };
		DB38CD20CA02DABC34F101F1 /* Assets.xcassets */ = {isa = PBXFileReference; lastKnownFileType = folder.assetcatalog; path = Assets.xcassets; sourceTree = "<group>"; };
		E194BBABE1C504778E137A78 /* LaunchAtLoginManagerTests.swift */ = {isa = PBXFileReference; lastKnownFileType = sourcecode.swift; path = LaunchAtLoginManagerTests.swift; sourceTree = "<group>"; };
		E951BFD335706B02EB25141C /* AppDelegateCoordinatorTests.swift */ = {isa = PBXFileReference; lastKnownFileType = sourcecode.swift; path = AppDelegateCoordinatorTests.swift; sourceTree = "<group>"; };
		F312F0F7D2D7BC2D60314798 /* BubbleWindowTests.swift */ = {isa = PBXFileReference; lastKnownFileType = sourcecode.swift; path = BubbleWindowTests.swift; sourceTree = "<group>"; };
		F7EE57E153DC91A088C8A04A /* AppDelegate.swift */ = {isa = PBXFileReference; lastKnownFileType = sourcecode.swift; path = AppDelegate.swift; sourceTree = "<group>"; };
		FD88F4FDB372CB09BE51BA46 /* CoordinatorIntegrationTests.swift */ = {isa = PBXFileReference; lastKnownFileType = sourcecode.swift; path = CoordinatorIntegrationTests.swift; sourceTree = "<group>"; };
/* End PBXFileReference section */

/* Begin PBXGroup section */
		2C7E33C13E05FE38AC948AF2 /* Clabotch */ = {
			isa = PBXGroup;
			children = (
				F7EE57E153DC91A088C8A04A /* AppDelegate.swift */,
				DB38CD20CA02DABC34F101F1 /* Assets.xcassets */,
				2DCB9955406A6BDA3D525A4A /* AXProvider.swift */,
				900A8C1103779FDB804969C9 /* BlinkController.swift */,
				34F9FFEEC473EC2FAA7DB133 /* BubblePresenting.swift */,
				7E3CC2C07B97752CF8C9EAB3 /* BubbleWindow.swift */,
				67CD365506A52BDFDBB81D02 /* Clabotch.entitlements */,
				D1CFC51853BAEE81B0D77FC5 /* ClabotchApp.swift */,
				1B07355B60F006A885B5E7A3 /* ClabotchEvent.swift */,
				C99B10E5D8EC9D81419C6960 /* ClabotchEyeView.swift */,
				7F9FD592866F45EEB93DB3CC /* CoordinatorBinder.swift */,
				DACCB80479EEB2BBB2EF9272 /* EventDeduplicator.swift */,
				96A3EDC104C593DEBC49336D /* EventParser.swift */,
				D7A0BEDE8BFCEAE3E5668F6B /* GazeController.swift */,
				A076E8747B07F4A438A5A17B /* GazeTypes.swift */,
				D6D641782D88ED126B539ECC /* HookServer.swift */,
				35F6132ADB31BC6AFAC7BCB9 /* L10n.swift */,
				6C61BA4CFA929F71B495DFCB /* LaunchAtLoginManager.swift */,
				223AA7DF7008B6A77962527B /* LineBufferedEventDecoder.swift */,
				AB06693ED6AB5DBC4E53A91D /* MascotPhase.swift */,
				C871AEED2A335D6329E36B10 /* OnboardingWindowController.swift */,
				8BF25AA1818290AEF2DEEDC1 /* SettingsStore.swift */,
				1BA989C8C58E710E6F97F5A3 /* SettingsWindowController.swift */,
				87EDB190B5315651857591EE /* SocketOps.swift */,
				AE38EF9CB1A7C37FF460B40A /* StateMachine.swift */,
				016C9DC59827AE15BBD14EBD /* Localizable.strings */,
			);
			path = Clabotch;
			sourceTree = "<group>";
		};
		3CD51ABE89600112AD8D723F /* ClabotchTests */ = {
			isa = PBXGroup;
			children = (
				E951BFD335706B02EB25141C /* AppDelegateCoordinatorTests.swift */,
				08BA9E5A874DF286E2702E33 /* AXProviderTests.swift */,
				4476ECA689707A583A562D9D /* BlinkControllerTests.swift */,
				AF5A8FE2040A8EF8D70155F3 /* BubbleSpy.swift */,
				F312F0F7D2D7BC2D60314798 /* BubbleWindowTests.swift */,
				22CC6A96972005D9565F0FA4 /* ClabotchEyeViewTests.swift */,
				FD88F4FDB372CB09BE51BA46 /* CoordinatorIntegrationTests.swift */,
				CA0E74B3EDD35A52A575C4AE /* EventDeduplicatorTests.swift */,
				608C9DD4F8FDEC404C5D6227 /* EventParserTests.swift */,
				C0F313BE981AA91C925B20DD /* GazeControllerTests.swift */,
				8F9A12D39178E19E1B5C2D2C /* HookServerTests.swift */,
				E194BBABE1C504778E137A78 /* LaunchAtLoginManagerTests.swift */,
				0C9269667AD0FB5009C260E8 /* LineBufferedEventDecoderTests.swift */,
				BD17A2B7DC6C1976827DE887 /* MockProviders.swift */,
				C6AFF63313CAE4EFD697FFE3 /* MockSocketOps.swift */,
				0F66EAEA4A4ED03B3762846D /* OnboardingWindowControllerTests.swift */,
				7FA31511CD3A5A9DEE74A907 /* SettingsStoreTests.swift */,
				440B506E9B6F6193B463E13E /* SettingsWindowControllerTests.swift */,
				84630FB49B993C3D7A6C40D5 /* StateMachineTests.swift */,
				BE8769A4983A7A928F5B17BD /* TestHelpers.swift */,
			);
			path = ClabotchTests;
			sourceTree = "<group>";
		};
		CD59CCD15D1BE5950689F71B /* Products */ = {
			isa = PBXGroup;
			children = (
				4BAEFEF3B246C7D9B1BAAC02 /* Clabotch.app */,
				9518A1C1E31BBC6DDEDCB034 /* ClabotchTests.xctest */,
			);
			name = Products;
			sourceTree = "<group>";
		};
		DC1A47DA3FF34431DDF19396 = {
			isa = PBXGroup;
			children = (
				2C7E33C13E05FE38AC948AF2 /* Clabotch */,
				3CD51ABE89600112AD8D723F /* ClabotchTests */,
				CD59CCD15D1BE5950689F71B /* Products */,
			);
			sourceTree = "<group>";
		};
/* End PBXGroup section */

/* Begin PBXNativeTarget section */
		6207F368FFD9EF6833727F1D /* Clabotch */ = {
			isa = PBXNativeTarget;
			buildConfigurationList = 5B8B426E7C850681CDDC3846 /* Build configuration list for PBXNativeTarget "Clabotch" */;
			buildPhases = (
				169A9C25C2917CFD2B807BB9 /* Sources */,
				36C5C6EE53435D359BC637CB /* Resources */,
			);
			buildRules = (
			);
			dependencies = (
			);
			name = Clabotch;
			packageProductDependencies = (
			);
			productName = Clabotch;
			productReference = 4BAEFEF3B246C7D9B1BAAC02 /* Clabotch.app */;
			productType = "com.apple.product-type.application";
		};
		BA1D7863A51DE43A09CFD761 /* ClabotchTests */ = {
			isa = PBXNativeTarget;
			buildConfigurationList = 9EBBA4CBC75F2EFC1FF797ED /* Build configuration list for PBXNativeTarget "ClabotchTests" */;
			buildPhases = (
				AA54E034676EBAB2FC7F4776 /* Sources */,
			);
			buildRules = (
			);
			dependencies = (
				FC91A7C84EF42FEE8D88A5CD /* PBXTargetDependency */,
			);
			name = ClabotchTests;
			packageProductDependencies = (
			);
			productName = ClabotchTests;
			productReference = 9518A1C1E31BBC6DDEDCB034 /* ClabotchTests.xctest */;
			productType = "com.apple.product-type.bundle.unit-test";
		};
/* End PBXNativeTarget section */

/* Begin PBXProject section */
		8B7717A221EB12BDBA39FB54 /* Project object */ = {
			isa = PBXProject;
			attributes = {
				BuildIndependentTargetsInParallel = YES;
				LastUpgradeCheck = 1430;
				TargetAttributes = {
				};
			};
			buildConfigurationList = 5DDB9B8A7062F6FABD04B32D /* Build configuration list for PBXProject "Clabotch" */;
			developmentRegion = en;
			hasScannedForEncodings = 0;
			knownRegions = (
				Base,
				en,
				ja,
			);
			mainGroup = DC1A47DA3FF34431DDF19396;
			minimizedProjectReferenceProxies = 1;
			preferredProjectObjectVersion = 77;
			productRefGroup = CD59CCD15D1BE5950689F71B /* Products */;
			projectDirPath = "";
			projectRoot = "";
			targets = (
				6207F368FFD9EF6833727F1D /* Clabotch */,
				BA1D7863A51DE43A09CFD761 /* ClabotchTests */,
			);
		};
/* End PBXProject section */

/* Begin PBXResourcesBuildPhase section */
		36C5C6EE53435D359BC637CB /* Resources */ = {
			isa = PBXResourcesBuildPhase;
			buildActionMask = 2147483647;
			files = (
				49949F4CD29907A86FD445E3 /* Assets.xcassets in Resources */,
				E68C2552B52DB1CAA926A094 /* Localizable.strings in Resources */,
			);
			runOnlyForDeploymentPostprocessing = 0;
		};
/* End PBXResourcesBuildPhase section */

/* Begin PBXSourcesBuildPhase section */
		169A9C25C2917CFD2B807BB9 /* Sources */ = {
			isa = PBXSourcesBuildPhase;
			buildActionMask = 2147483647;
			files = (
				CCF278A6F2E1FEE5F39A9FBF /* AXProvider.swift in Sources */,
				0DAA12FDCC0C41D7165D1135 /* AppDelegate.swift in Sources */,
				FDF999A9C40E0550AAA18D1B /* BlinkController.swift in Sources */,
				C90A78828C50D4DF7F88424B /* BubblePresenting.swift in Sources */,
				0FD047C1B96B55A730D81D10 /* BubbleWindow.swift in Sources */,
				13E61BBE2C46EF2C2851235B /* ClabotchApp.swift in Sources */,
				031195A51E4DEBCCCE79D315 /* ClabotchEvent.swift in Sources */,
				1660A6857A7EB671F4C5076B /* ClabotchEyeView.swift in Sources */,
				3E227981428652ABCE9B6637 /* CoordinatorBinder.swift in Sources */,
				771BA242A93A8537221565C2 /* EventDeduplicator.swift in Sources */,
				62E754140E7D27FDE0ECB018 /* EventParser.swift in Sources */,
				85A036E57C9720D16E4C5522 /* GazeController.swift in Sources */,
				5A73AA822128B508F58B2B27 /* GazeTypes.swift in Sources */,
				4733B842423CC2C183621E54 /* HookServer.swift in Sources */,
				D3A7D21612294AAD133D42A1 /* L10n.swift in Sources */,
				08E6A679B3A8F66FECD7D083 /* LaunchAtLoginManager.swift in Sources */,
				15521049195B7B05052C8B8A /* LineBufferedEventDecoder.swift in Sources */,
				51E4DD78AA01757BCDBBBAF0 /* MascotPhase.swift in Sources */,
				7132669EFA6004408E964579 /* OnboardingWindowController.swift in Sources */,
				652AA89A856EF229F3FCBB40 /* SettingsStore.swift in Sources */,
				9857A31DF5690F4F4CBE3FF9 /* SettingsWindowController.swift in Sources */,
				3BA631CF26DB54E7FEF61ECE /* SocketOps.swift in Sources */,
				CB1B63529809F1606FEED5D2 /* StateMachine.swift in Sources */,
			);
			runOnlyForDeploymentPostprocessing = 0;
		};
		AA54E034676EBAB2FC7F4776 /* Sources */ = {
			isa = PBXSourcesBuildPhase;
			buildActionMask = 2147483647;
			files = (
				97AD01507CB1684FCD1986D7 /* AXProviderTests.swift in Sources */,
				642D258774FA843536B2D9DE /* AppDelegateCoordinatorTests.swift in Sources */,
				4507BDCA95968FC5B5010A1C /* BlinkControllerTests.swift in Sources */,
				D9B029A0EB3B31E0A3D65287 /* BubbleSpy.swift in Sources */,
				86849EB52E3D4CA14F34B2B5 /* BubbleWindowTests.swift in Sources */,
				1B2007D899DDB7E3E5678143 /* ClabotchEyeViewTests.swift in Sources */,
				31C3A7CBE8958084F6A7BF33 /* CoordinatorIntegrationTests.swift in Sources */,
				9A503A3DBB67ECDCAA8F8749 /* EventDeduplicatorTests.swift in Sources */,
				B0D2CA13463CF37F54E89244 /* EventParserTests.swift in Sources */,
				963EDF12B3BB10FBF2A48488 /* GazeControllerTests.swift in Sources */,
				39A4AC62A387316608C45E9B /* HookServerTests.swift in Sources */,
				3C9E0A3F6783F344968D1DA3 /* LaunchAtLoginManagerTests.swift in Sources */,
				2525C627DF6293B8078C3C25 /* LineBufferedEventDecoderTests.swift in Sources */,
				0CB9227D5E66E31C3F2E97ED /* MockProviders.swift in Sources */,
				3E9F399F6BBD8C9CDA19B22E /* MockSocketOps.swift in Sources */,
				194FA8E1DFED6F5D587C6825 /* OnboardingWindowControllerTests.swift in Sources */,
				E047DF35FCFB3507461B28E4 /* SettingsStoreTests.swift in Sources */,
				9404319E06453DF0847B5BA5 /* SettingsWindowControllerTests.swift in Sources */,
				7AAEC3EEC1D954C2B9D57E17 /* StateMachineTests.swift in Sources */,
				05865EE9B15BE40CD15478B3 /* TestHelpers.swift in Sources */,
			);
			runOnlyForDeploymentPostprocessing = 0;
		};
/* End PBXSourcesBuildPhase section */

/* Begin PBXTargetDependency section */
		FC91A7C84EF42FEE8D88A5CD /* PBXTargetDependency */ = {
			isa = PBXTargetDependency;
			target = 6207F368FFD9EF6833727F1D /* Clabotch */;
			targetProxy = F2168FB2022E7761985522AE /* PBXContainerItemProxy */;
		};
/* End PBXTargetDependency section */

/* Begin PBXVariantGroup section */
		016C9DC59827AE15BBD14EBD /* Localizable.strings */ = {
			isa = PBXVariantGroup;
			children = (
				5AC498C32A416AE2BED9AB2B /* en */,
				3AD25BC626CCA6DF49F893B8 /* ja */,
			);
			name = Localizable.strings;
			sourceTree = "<group>";
		};
/* End PBXVariantGroup section */

/* Begin XCBuildConfiguration section */
		0C97DA314B51078B5CC1D261 /* Release */ = {
			isa = XCBuildConfiguration;
			buildSettings = {
				ASSETCATALOG_COMPILER_APPICON_NAME = AppIcon;
				CODE_SIGN_ENTITLEMENTS = Clabotch/Clabotch.entitlements;
				CODE_SIGN_IDENTITY = "Developer ID Application";
				CODE_SIGN_STYLE = Manual;
				COMBINE_HIDPI_IMAGES = YES;
				CURRENT_PROJECT_VERSION = 2;
				DEVELOPMENT_TEAM = "";
				ENABLE_APP_SANDBOX = NO;
				ENABLE_HARDENED_RUNTIME = YES;
				GENERATE_INFOPLIST_FILE = YES;
				INFOPLIST_KEY_CFBundleShortVersionString = "$(MARKETING_VERSION)";
				INFOPLIST_KEY_LSUIElement = YES;
				LD_RUNPATH_SEARCH_PATHS = (
					"$(inherited)",
					"@executable_path/../Frameworks",
				);
				MARKETING_VERSION = 1.0.1;
				PRODUCT_BUNDLE_IDENTIFIER = com.clabotch.app;
				PRODUCT_NAME = Clabotch;
				SDKROOT = macosx;
				SWIFT_VERSION = 5.9;
			};
			name = Release;
		};
		370E74FFAF2F635CDC8C3C3C /* Debug */ = {
			isa = XCBuildConfiguration;
			buildSettings = {
				BUNDLE_LOADER = "$(TEST_HOST)";
				COMBINE_HIDPI_IMAGES = YES;
				GENERATE_INFOPLIST_FILE = YES;
				LD_RUNPATH_SEARCH_PATHS = (
					"$(inherited)",
					"@executable_path/../Frameworks",
					"@loader_path/../Frameworks",
				);
				PRODUCT_BUNDLE_IDENTIFIER = com.clabotch.tests;
				SDKROOT = macosx;
				SWIFT_VERSION = 5.9;
				TEST_HOST = "$(BUILT_PRODUCTS_DIR)/Clabotch.app/Contents/MacOS/Clabotch";
			};
			name = Debug;
		};
		596EFD75EBE1224C2F789228 /* Release */ = {
			isa = XCBuildConfiguration;
			buildSettings = {
				ALWAYS_SEARCH_USER_PATHS = NO;
				CLANG_ANALYZER_NONNULL = YES;
				CLANG_ANALYZER_NUMBER_OBJECT_CONVERSION = YES_AGGRESSIVE;
				CLANG_CXX_LANGUAGE_STANDARD = "gnu++14";
				CLANG_CXX_LIBRARY = "libc++";
				CLANG_ENABLE_MODULES = YES;
				CLANG_ENABLE_OBJC_ARC = YES;
				CLANG_ENABLE_OBJC_WEAK = YES;
				CLANG_WARN_BLOCK_CAPTURE_AUTORELEASING = YES;
				CLANG_WARN_BOOL_CONVERSION = YES;
				CLANG_WARN_COMMA = YES;
				CLANG_WARN_CONSTANT_CONVERSION = YES;
				CLANG_WARN_DEPRECATED_OBJC_IMPLEMENTATIONS = YES;
				CLANG_WARN_DIRECT_OBJC_ISA_USAGE = YES_ERROR;
				CLANG_WARN_DOCUMENTATION_COMMENTS = YES;
				CLANG_WARN_EMPTY_BODY = YES;
				CLANG_WARN_ENUM_CONVERSION = YES;
				CLANG_WARN_INFINITE_RECURSION = YES;
				CLANG_WARN_INT_CONVERSION = YES;
				CLANG_WARN_NON_LITERAL_NULL_CONVERSION = YES;
				CLANG_WARN_OBJC_IMPLICIT_RETAIN_SELF = YES;
				CLANG_WARN_OBJC_LITERAL_CONVERSION = YES;
				CLANG_WARN_OBJC_ROOT_CLASS = YES_ERROR;
				CLANG_WARN_QUOTED_INCLUDE_IN_FRAMEWORK_HEADER = YES;
				CLANG_WARN_RANGE_LOOP_ANALYSIS = YES;
				CLANG_WARN_STRICT_PROTOTYPES = YES;
				CLANG_WARN_SUSPICIOUS_MOVE = YES;
				CLANG_WARN_UNGUARDED_AVAILABILITY = YES_AGGRESSIVE;
				CLANG_WARN_UNREACHABLE_CODE = YES;
				CLANG_WARN__DUPLICATE_METHOD_MATCH = YES;
				COPY_PHASE_STRIP = NO;
				DEBUG_INFORMATION_FORMAT = "dwarf-with-dsym";
				ENABLE_NS_ASSERTIONS = NO;
				ENABLE_STRICT_OBJC_MSGSEND = YES;
				GCC_C_LANGUAGE_STANDARD = gnu11;
				GCC_NO_COMMON_BLOCKS = YES;
				GCC_WARN_64_TO_32_BIT_CONVERSION = YES;
				GCC_WARN_ABOUT_RETURN_TYPE = YES_ERROR;
				GCC_WARN_UNDECLARED_SELECTOR = YES;
				GCC_WARN_UNINITIALIZED_AUTOS = YES_AGGRESSIVE;
				GCC_WARN_UNUSED_FUNCTION = YES;
				GCC_WARN_UNUSED_VARIABLE = YES;
				INFOPLIST_KEY_LSUIElement = YES;
				MACOSX_DEPLOYMENT_TARGET = 13.0;
				MTL_ENABLE_DEBUG_INFO = NO;
				MTL_FAST_MATH = YES;
				PRODUCT_NAME = "$(TARGET_NAME)";
				SDKROOT = macosx;
				SWIFT_COMPILATION_MODE = wholemodule;
				SWIFT_OPTIMIZATION_LEVEL = "-O";
				SWIFT_VERSION = 5.0;
			};
			name = Release;
		};
		9E0F2A0D763A8D31349361F7 /* Debug */ = {
			isa = XCBuildConfiguration;
			buildSettings = {
				ALWAYS_SEARCH_USER_PATHS = NO;
				CLANG_ANALYZER_NONNULL = YES;
				CLANG_ANALYZER_NUMBER_OBJECT_CONVERSION = YES_AGGRESSIVE;
				CLANG_CXX_LANGUAGE_STANDARD = "gnu++14";
				CLANG_CXX_LIBRARY = "libc++";
				CLANG_ENABLE_MODULES = YES;
				CLANG_ENABLE_OBJC_ARC = YES;
				CLANG_ENABLE_OBJC_WEAK = YES;
				CLANG_WARN_BLOCK_CAPTURE_AUTORELEASING = YES;
				CLANG_WARN_BOOL_CONVERSION = YES;
				CLANG_WARN_COMMA = YES;
				CLANG_WARN_CONSTANT_CONVERSION = YES;
				CLANG_WARN_DEPRECATED_OBJC_IMPLEMENTATIONS = YES;
				CLANG_WARN_DIRECT_OBJC_ISA_USAGE = YES_ERROR;
				CLANG_WARN_DOCUMENTATION_COMMENTS = YES;
				CLANG_WARN_EMPTY_BODY = YES;
				CLANG_WARN_ENUM_CONVERSION = YES;
				CLANG_WARN_INFINITE_RECURSION = YES;
				CLANG_WARN_INT_CONVERSION = YES;
				CLANG_WARN_NON_LITERAL_NULL_CONVERSION = YES;
				CLANG_WARN_OBJC_IMPLICIT_RETAIN_SELF = YES;
				CLANG_WARN_OBJC_LITERAL_CONVERSION = YES;
				CLANG_WARN_OBJC_ROOT_CLASS = YES_ERROR;
				CLANG_WARN_QUOTED_INCLUDE_IN_FRAMEWORK_HEADER = YES;
				CLANG_WARN_RANGE_LOOP_ANALYSIS = YES;
				CLANG_WARN_STRICT_PROTOTYPES = YES;
				CLANG_WARN_SUSPICIOUS_MOVE = YES;
				CLANG_WARN_UNGUARDED_AVAILABILITY = YES_AGGRESSIVE;
				CLANG_WARN_UNREACHABLE_CODE = YES;
				CLANG_WARN__DUPLICATE_METHOD_MATCH = YES;
				COPY_PHASE_STRIP = NO;
				DEBUG_INFORMATION_FORMAT = dwarf;
				ENABLE_STRICT_OBJC_MSGSEND = YES;
				ENABLE_TESTABILITY = YES;
				GCC_C_LANGUAGE_STANDARD = gnu11;
				GCC_DYNAMIC_NO_PIC = NO;
				GCC_NO_COMMON_BLOCKS = YES;
				GCC_OPTIMIZATION_LEVEL = 0;
				GCC_PREPROCESSOR_DEFINITIONS = (
					"$(inherited)",
					"DEBUG=1",
				);
				GCC_WARN_64_TO_32_BIT_CONVERSION = YES;
				GCC_WARN_ABOUT_RETURN_TYPE = YES_ERROR;
				GCC_WARN_UNDECLARED_SELECTOR = YES;
				GCC_WARN_UNINITIALIZED_AUTOS = YES_AGGRESSIVE;
				GCC_WARN_UNUSED_FUNCTION = YES;
				GCC_WARN_UNUSED_VARIABLE = YES;
				INFOPLIST_KEY_LSUIElement = YES;
				MACOSX_DEPLOYMENT_TARGET = 13.0;
				MTL_ENABLE_DEBUG_INFO = INCLUDE_SOURCE;
				MTL_FAST_MATH = YES;
				ONLY_ACTIVE_ARCH = YES;
				PRODUCT_NAME = "$(TARGET_NAME)";
				SDKROOT = macosx;
				SWIFT_ACTIVE_COMPILATION_CONDITIONS = DEBUG;
				SWIFT_OPTIMIZATION_LEVEL = "-Onone";
				SWIFT_VERSION = 5.0;
			};
			name = Debug;
		};
		BBB7E0F1150CDF3591A8CCE6 /* Release */ = {
			isa = XCBuildConfiguration;
			buildSettings = {
				BUNDLE_LOADER = "$(TEST_HOST)";
				COMBINE_HIDPI_IMAGES = YES;
				GENERATE_INFOPLIST_FILE = YES;
				LD_RUNPATH_SEARCH_PATHS = (
					"$(inherited)",
					"@executable_path/../Frameworks",
					"@loader_path/../Frameworks",
				);
				PRODUCT_BUNDLE_IDENTIFIER = com.clabotch.tests;
				SDKROOT = macosx;
				SWIFT_VERSION = 5.9;
				TEST_HOST = "$(BUILT_PRODUCTS_DIR)/Clabotch.app/Contents/MacOS/Clabotch";
			};
			name = Release;
		};
		BBEA76427A99FC8F22EB5F85 /* Debug */ = {
			isa = XCBuildConfiguration;
			buildSettings = {
				ASSETCATALOG_COMPILER_APPICON_NAME = AppIcon;
				CODE_SIGN_ENTITLEMENTS = Clabotch/Clabotch.entitlements;
				CODE_SIGN_IDENTITY = "-";
				CODE_SIGN_STYLE = Automatic;
				COMBINE_HIDPI_IMAGES = YES;
				CURRENT_PROJECT_VERSION = 2;
				ENABLE_APP_SANDBOX = NO;
				ENABLE_HARDENED_RUNTIME = YES;
				GENERATE_INFOPLIST_FILE = YES;
				INFOPLIST_KEY_CFBundleShortVersionString = "$(MARKETING_VERSION)";
				INFOPLIST_KEY_LSUIElement = YES;
				LD_RUNPATH_SEARCH_PATHS = (
					"$(inherited)",
					"@executable_path/../Frameworks",
				);
				MARKETING_VERSION = 1.0.1;
				PRODUCT_BUNDLE_IDENTIFIER = com.clabotch.app;
				PRODUCT_NAME = Clabotch;
				SDKROOT = macosx;
				SWIFT_VERSION = 5.9;
			};
			name = Debug;
		};
/* End XCBuildConfiguration section */

/* Begin XCConfigurationList section */
		5B8B426E7C850681CDDC3846 /* Build configuration list for PBXNativeTarget "Clabotch" */ = {
			isa = XCConfigurationList;
			buildConfigurations = (
				BBEA76427A99FC8F22EB5F85 /* Debug */,
				0C97DA314B51078B5CC1D261 /* Release */,
			);
			defaultConfigurationIsVisible = 0;
			defaultConfigurationName = Debug;
		};
		5DDB9B8A7062F6FABD04B32D /* Build configuration list for PBXProject "Clabotch" */ = {
			isa = XCConfigurationList;
			buildConfigurations = (
				9E0F2A0D763A8D31349361F7 /* Debug */,
				596EFD75EBE1224C2F789228 /* Release */,
			);
			defaultConfigurationIsVisible = 0;
			defaultConfigurationName = Debug;
		};
		9EBBA4CBC75F2EFC1FF797ED /* Build configuration list for PBXNativeTarget "ClabotchTests" */ = {
			isa = XCConfigurationList;
			buildConfigurations = (
				370E74FFAF2F635CDC8C3C3C /* Debug */,
				BBB7E0F1150CDF3591A8CCE6 /* Release */,
			);
			defaultConfigurationIsVisible = 0;
			defaultConfigurationName = Debug;
		};
/* End XCConfigurationList section */
	};
	rootObject = 8B7717A221EB12BDBA39FB54 /* Project object */;
}
